<?xml version="1.0" encoding="utf-8"?>
<Project ToolsVersion="4.0" xmlns="http://schemas.microsoft.com/developer/msbuild/2003">
  <ItemGroup>
    <Filter Include="sources">
      <UniqueIdentifier>{bb0b3e8a-6fae-4028-bd32-fb4cd1c36bc4}</UniqueIdentifier>
    </Filter>
    <Filter Include="headers">
      <UniqueIdentifier>{45d3dc64-1825-4bf3-a133-a05b3956d692}</UniqueIdentifier>
    </Filter>
  </ItemGroup>
</Project>